{
  "nodes": {
    "flake-utils": {
      "locked": {
        "lastModified": 1656928814,
        "narHash": "sha256-RIFfgBuKz6Hp89yRr7+NR5tzIAbn52h8vT6vXkYjZoM=",
        "owner": "numtide",
        "repo": "flake-utils",
        "rev": "7e2a3b3dfd9af950a856d66b0a7d01e3c18aa249",
        "type": "github"
      },
      "original": {
        "owner": "numtide",
        "repo": "flake-utils",
        "type": "github"
      }
    },
    "home-manager": {
      "inputs": {
        "nixpkgs": [
          "nixpkgs"
        ],
        "utils": "utils"
      },
      "locked": {
        "lastModified": 1659232160,
        "narHash": "sha256-RYKbKAYooiART2RUEpUnP7tAYM6+2i1m9+QI14wljZU=",
        "owner": "nix-community",
        "repo": "home-manager",
        "rev": "7146638e9ef74aba6736cbbf12dbe60e1ed24c1e",
        "type": "github"
      },
      "original": {
        "owner": "nix-community",
        "repo": "home-manager",
        "type": "github"
      }
    },
    "nixpkgs": {
      "locked": {
        "lastModified": 1659190188,
        "narHash": "sha256-LudYrDFPFaQMW0l68TYkPWRPKmqpxIFU1nWfylIp9AQ=",
        "owner": "nixos",
        "repo": "nixpkgs",
        "rev": "a3fddd46a7f3418d7e3940ded94701aba569161d",
        "type": "github"
      },
      "original": {
        "owner": "nixos",
        "ref": "nixpkgs-unstable",
        "repo": "nixpkgs",
        "type": "github"
      }
    },
    "nixpkgs-master": {
      "locked": {
        "lastModified": 1659259892,
        "narHash": "sha256-ZLqbL2SE3kNUyO15uIqtqmp9XfVMV1FZ7F4vjSJGl9c=",
        "owner": "nixos",
        "repo": "nixpkgs",
        "rev": "d0617b0846cdf6e717f6418adcfe7f834ec20586",
        "type": "github"
      },
      "original": {
        "owner": "nixos",
        "ref": "master",
        "repo": "nixpkgs",
        "type": "github"
      }
    },
    "nixpkgs-podman": {
      "locked": {
        "lastModified": 1652264717,
        "narHash": "sha256-wNIok+E0n+5/glp0WjicerJU8h/nHOswS3xdjxmKnbo=",
        "owner": "nixos",
        "repo": "nixpkgs",
        "rev": "40caba20b3edb204e1ac42d99e4f847ef1196417",
        "type": "github"
      },
      "original": {
        "owner": "nixos",
        "repo": "nixpkgs",
        "rev": "40caba20b3edb204e1ac42d99e4f847ef1196417",
        "type": "github"
      }
    },
    "nixpkgs-stable": {
      "locked": {
        "lastModified": 1658346836,
        "narHash": "sha256-c9BZZbi0tqCQ4j6CMVDlsut3Q3ET1Fezf+qIslCfkhs=",
        "owner": "nixos",
        "repo": "nixpkgs",
        "rev": "a1fe662eb26ffc2a036b37c4670392ade632c413",
        "type": "github"
      },
      "original": {
        "owner": "nixos",
        "ref": "nixpkgs-21.11-darwin",
        "repo": "nixpkgs",
        "type": "github"
      }
    },
    "root": {
      "inputs": {
        "flake-utils": "flake-utils",
        "home-manager": "home-manager",
        "nixpkgs": "nixpkgs",
        "nixpkgs-master": "nixpkgs-master",
        "nixpkgs-podman": "nixpkgs-podman",
        "nixpkgs-stable": "nixpkgs-stable"
      }
    },
    "utils": {
      "locked": {
        "lastModified": 1653893745,
        "narHash": "sha256-0jntwV3Z8//YwuOjzhV2sgJJPt+HY6KhU7VZUL0fKZQ=",
        "owner": "numtide",
        "repo": "flake-utils",
        "rev": "1ed9fb1935d260de5fe1c2f7ee0ebaae17ed2fa1",
        "type": "github"
      },
      "original": {
        "owner": "numtide",
        "repo": "flake-utils",
        "type": "github"
      }
    }
  },
  "root": "root",
  "version": 7
}
