{
  "nodes": {
    "flake-utils": {
      "locked": {
        "lastModified": 1652776076,
        "narHash": "sha256-gzTw/v1vj4dOVbpBSJX4J0DwUR6LIyXo7/SuuTJp1kM=",
        "owner": "numtide",
        "repo": "flake-utils",
        "rev": "04c1b180862888302ddfb2e3ad9eaa63afc60cf8",
        "type": "github"
      },
      "original": {
        "owner": "numtide",
        "repo": "flake-utils",
        "type": "github"
      }
    },
    "home-manager": {
      "inputs": {
        "nixpkgs": [
          "nixpkgs"
        ]
      },
      "locked": {
        "lastModified": 1653518057,
        "narHash": "sha256-cam3Nfae5ADeEs6mRPzr0jXB7+DhyMIXz0/0Q13r/yk=",
        "owner": "nix-community",
        "repo": "home-manager",
        "rev": "64831f938bd413cefde0b0cf871febc494afaa4f",
        "type": "github"
      },
      "original": {
        "owner": "nix-community",
        "repo": "home-manager",
        "type": "github"
      }
    },
    "nixpkgs": {
      "locked": {
        "lastModified": 1653326962,
        "narHash": "sha256-W8feCYqKTsMre4nAEpv5Kx1PVFC+hao/LwqtB2Wci/8=",
        "owner": "nixos",
        "repo": "nixpkgs",
        "rev": "41cc1d5d9584103be4108c1815c350e07c807036",
        "type": "github"
      },
      "original": {
        "owner": "nixos",
        "ref": "nixpkgs-unstable",
        "repo": "nixpkgs",
        "type": "github"
      }
    },
    "nixpkgs-master": {
      "locked": {
        "lastModified": 1653581809,
        "narHash": "sha256-Uvka0V5MTGbeOfWte25+tfRL3moECDh1VwokWSZUdoY=",
        "owner": "nixos",
        "repo": "nixpkgs",
        "rev": "83658b28fe638a170a19b8933aa008b30640fbd1",
        "type": "github"
      },
      "original": {
        "owner": "nixos",
        "ref": "master",
        "repo": "nixpkgs",
        "type": "github"
      }
    },
    "nixpkgs-podman": {
      "locked": {
        "lastModified": 1652264717,
        "narHash": "sha256-wNIok+E0n+5/glp0WjicerJU8h/nHOswS3xdjxmKnbo=",
        "owner": "nixos",
        "repo": "nixpkgs",
        "rev": "40caba20b3edb204e1ac42d99e4f847ef1196417",
        "type": "github"
      },
      "original": {
        "owner": "nixos",
        "repo": "nixpkgs",
        "rev": "40caba20b3edb204e1ac42d99e4f847ef1196417",
        "type": "github"
      }
    },
    "nixpkgs-stable": {
      "locked": {
        "lastModified": 1653565689,
        "narHash": "sha256-xdJ6bmPxDPIMItZJWsDxopPXUTAFPWMkNkyOOcptWSc=",
        "owner": "nixos",
        "repo": "nixpkgs",
        "rev": "9bc0e974545d5bc4c24e1ed047be0dc4e30e494b",
        "type": "github"
      },
      "original": {
        "owner": "nixos",
        "ref": "nixpkgs-21.11-darwin",
        "repo": "nixpkgs",
        "type": "github"
      }
    },
    "root": {
      "inputs": {
        "flake-utils": "flake-utils",
        "home-manager": "home-manager",
        "nixpkgs": "nixpkgs",
        "nixpkgs-master": "nixpkgs-master",
        "nixpkgs-podman": "nixpkgs-podman",
        "nixpkgs-stable": "nixpkgs-stable"
      }
    }
  },
  "root": "root",
  "version": 7
}
