{
  "nodes": {
    "flake-utils": {
      "locked": {
        "lastModified": 1667395993,
        "narHash": "sha256-nuEHfE/LcWyuSWnS8t12N1wc105Qtau+/OdUAjtQ0rA=",
        "owner": "numtide",
        "repo": "flake-utils",
        "rev": "5aed5285a952e0b949eb3ba02c12fa4fcfef535f",
        "type": "github"
      },
      "original": {
        "owner": "numtide",
        "repo": "flake-utils",
        "type": "github"
      }
    },
    "home-manager": {
      "inputs": {
        "nixpkgs": [
          "nixpkgs"
        ],
        "utils": "utils"
      },
      "locked": {
        "lastModified": 1667981810,
        "narHash": "sha256-p27zd5M+OkfND46gzbGkaHlNBZsYe95M48OJuFeuuSY=",
        "owner": "nix-community",
        "repo": "home-manager",
        "rev": "6ce3493a3c5c6a8f4cfa6f5f88723272e0cfd335",
        "type": "github"
      },
      "original": {
        "owner": "nix-community",
        "repo": "home-manager",
        "type": "github"
      }
    },
    "nixpkgs": {
      "locked": {
        "lastModified": 1668086072,
        "narHash": "sha256-msFoXI5ThCmhTTqgl27hpCXWhaeqxphBaleJAgD8JYM=",
        "owner": "nixos",
        "repo": "nixpkgs",
        "rev": "72d8853228c9758820c39b8659415b6d89279493",
        "type": "github"
      },
      "original": {
        "owner": "nixos",
        "ref": "nixpkgs-unstable",
        "repo": "nixpkgs",
        "type": "github"
      }
    },
    "nixpkgs-master": {
      "locked": {
        "lastModified": 1668194546,
        "narHash": "sha256-UgXKUMVgzTOPSP3GS0FUS8WhASCVxGNuRgEg+A6O7r8=",
        "owner": "nixos",
        "repo": "nixpkgs",
        "rev": "9bdcdf3d5fa496e3389d29932565db5a0e854e50",
        "type": "github"
      },
      "original": {
        "owner": "nixos",
        "ref": "master",
        "repo": "nixpkgs",
        "type": "github"
      }
    },
    "nixpkgs-netcoredbg": {
      "locked": {
        "lastModified": 1678968957,
        "narHash": "sha256-9m64Mvc752hQ7sjuzLaP5zf0Kqri94rZU7oZ7/sglrg=",
        "owner": "SilverCoder",
        "repo": "nixpkgs",
        "rev": "ca3d39623c53420339f6b1c6bde016451b50f927",
        "type": "github"
      },
      "original": {
        "owner": "SilverCoder",
        "repo": "nixpkgs",
        "rev": "ca3d39623c53420339f6b1c6bde016451b50f927",
        "type": "github"
      }
    },
    "nixpkgs-podman": {
      "locked": {
        "lastModified": 1652264717,
        "narHash": "sha256-wNIok+E0n+5/glp0WjicerJU8h/nHOswS3xdjxmKnbo=",
        "owner": "nixos",
        "repo": "nixpkgs",
        "rev": "40caba20b3edb204e1ac42d99e4f847ef1196417",
        "type": "github"
      },
      "original": {
        "owner": "nixos",
        "repo": "nixpkgs",
        "rev": "40caba20b3edb204e1ac42d99e4f847ef1196417",
        "type": "github"
      }
    },
    "nixpkgs-stable": {
      "locked": {
        "lastModified": 1659446231,
        "narHash": "sha256-hekabNdTdgR/iLsgce5TGWmfIDZ86qjPhxDg/8TlzhE=",
        "owner": "nixos",
        "repo": "nixpkgs",
        "rev": "eabc38219184cc3e04a974fe31857d8e0eac098d",
        "type": "github"
      },
      "original": {
        "owner": "nixos",
        "ref": "nixpkgs-21.11-darwin",
        "repo": "nixpkgs",
        "type": "github"
      }
    },
    "nvim-tokyonight": {
      "flake": false,
      "locked": {
        "lastModified": 1674503926,
        "narHash": "sha256-sXILXqJYZW0KywQhtBqGr76VsHV+sBnBM+RCqXCjZ2A=",
        "owner": "folke",
        "repo": "tokyonight.nvim",
        "rev": "affb21a81e6d7de073378eb86d02864c594104d9",
        "type": "github"
      },
      "original": {
        "owner": "folke",
        "repo": "tokyonight.nvim",
        "type": "github"
      }
    },
    "root": {
      "inputs": {
        "flake-utils": "flake-utils",
        "home-manager": "home-manager",
        "nixpkgs": "nixpkgs",
        "nixpkgs-master": "nixpkgs-master",
        "nixpkgs-netcoredbg": "nixpkgs-netcoredbg",
        "nixpkgs-podman": "nixpkgs-podman",
        "nixpkgs-stable": "nixpkgs-stable",
        "nvim-tokyonight": "nvim-tokyonight"
      }
    },
    "utils": {
      "locked": {
        "lastModified": 1667395993,
        "narHash": "sha256-nuEHfE/LcWyuSWnS8t12N1wc105Qtau+/OdUAjtQ0rA=",
        "owner": "numtide",
        "repo": "flake-utils",
        "rev": "5aed5285a952e0b949eb3ba02c12fa4fcfef535f",
        "type": "github"
      },
      "original": {
        "owner": "numtide",
        "repo": "flake-utils",
        "type": "github"
      }
    }
  },
  "root": "root",
  "version": 7
}
